
Microsoft Visual Studio Solution File, Format Version 12.00
# Visual Studio Version 17
VisualStudioVersion = 17.2.32519.379
MinimumVisualStudioVersion = 10.0.40219.1
Project("{FAE04EC0-301F-11D3-BF4B-00C04F79EFBC}") = "OutlookGenerator", "OutlookGenerator\OutlookGenerator.csproj", "{EF492AA8-3D63-425F-A460-1162176923C4}"
EndProject
Global
	GlobalSection(SolutionConfigurationPlatforms) = preSolution
		Debug|Any CPU = Debug|Any CPU
		Release|Any CPU = Release|Any CPU
	EndGlobalSection
	GlobalSection(ProjectConfigurationPlatforms) = postSolution
		{EF492AA8-3D63-425F-A460-1162176923C4}.Debug|Any CPU.ActiveCfg = Debug|Any CPU
		{EF492AA8-3D63-425F-A460-1162176923C4}.Debug|Any CPU.Build.0 = Debug|Any CPU
		{EF492AA8-3D63-425F-A460-1162176923C4}.Release|Any CPU.ActiveCfg = Release|Any CPU
		{EF492AA8-3D63-425F-A460-1162176923C4}.Release|Any CPU.Build.0 = Release|Any CPU
	EndGlobalSection
	GlobalSection(SolutionProperties) = preSolution
		HideSolutionNode = FALSE
	EndGlobalSection
	GlobalSection(ExtensibilityGlobals) = postSolution
		SolutionGuid = {2F373A5B-EA2E-4C1B-80F6-E235C8B39B06}
	EndGlobalSection
EndGlobal
