
Microsoft Visual Studio Solution File, Format Version 12.00
Project("{FAE04EC0-301F-11D3-BF4B-00C04F79EFBC}") = "Outlook Account Gen", "Outlook Account Gen\Outlook Account Gen.csproj", "{77035A0D-225F-48A2-8D59-B50059E544EB}"
EndProject
Global
	GlobalSection(SolutionConfigurationPlatforms) = preSolution
		Debug|Any CPU = Debug|Any CPU
		Release|Any CPU = Release|Any CPU
	EndGlobalSection
	GlobalSection(ProjectConfigurationPlatforms) = postSolution
		{77035A0D-225F-48A2-8D59-B50059E544EB}.Debug|Any CPU.ActiveCfg = Debug|Any CPU
		{77035A0D-225F-48A2-8D59-B50059E544EB}.Debug|Any CPU.Build.0 = Debug|Any CPU
		{77035A0D-225F-48A2-8D59-B50059E544EB}.Release|Any CPU.ActiveCfg = Release|Any CPU
		{77035A0D-225F-48A2-8D59-B50059E544EB}.Release|Any CPU.Build.0 = Release|Any CPU
	EndGlobalSection
EndGlobal
